
Microsoft Visual Studio Solution File, Format Version 12.00
# Visual Studio Version 16
VisualStudioVersion = 16.0.31729.503
MinimumVisualStudioVersion = 10.0.40219.1
Project("{E24C65DC-7377-472B-9ABA-BC803B73C61A}") = "OSMS", "..\OSMS", "{9657AD7D-1B00-40D0-B345-7F4FBCB2366F}"
	ProjectSection(WebsiteProperties) = preProject
		Debug.AspNetCompiler.VirtualPath = "/OSMS"
		Debug.AspNetCompiler.PhysicalPath = "..\..\..\..\Desktop\OSMS\"
		Debug.AspNetCompiler.TargetPath = "PrecompiledWeb\OSMS\"
		Debug.AspNetCompiler.Updateable = "true"
		Debug.AspNetCompiler.ForceOverwrite = "true"
		Debug.AspNetCompiler.FixedNames = "false"
		Debug.AspNetCompiler.Debug = "True"
		Release.AspNetCompiler.VirtualPath = "/OSMS"
		Release.AspNetCompiler.PhysicalPath = "..\..\..\..\Desktop\OSMS\"
		Release.AspNetCompiler.TargetPath = "PrecompiledWeb\OSMS\"
		Release.AspNetCompiler.Updateable = "true"
		Release.AspNetCompiler.ForceOverwrite = "true"
		Release.AspNetCompiler.FixedNames = "false"
		Release.AspNetCompiler.Debug = "False"
		VWDPort = "49408"
	EndProjectSection
EndProject
Global
	GlobalSection(SolutionConfigurationPlatforms) = preSolution
		Debug|.NET = Debug|.NET
	EndGlobalSection
	GlobalSection(ProjectConfigurationPlatforms) = postSolution
		{9657AD7D-1B00-40D0-B345-7F4FBCB2366F}.Debug|.NET.ActiveCfg = Debug|.NET
		{9657AD7D-1B00-40D0-B345-7F4FBCB2366F}.Debug|.NET.Build.0 = Debug|.NET
	EndGlobalSection
	GlobalSection(SolutionProperties) = preSolution
		HideSolutionNode = FALSE
	EndGlobalSection
	GlobalSection(ExtensibilityGlobals) = postSolution
		SolutionGuid = {DBCC8629-EBBB-42F2-8938-B5674EF6B78E}
	EndGlobalSection
EndGlobal
